
Microsoft Visual Studio Solution File, Format Version 12.00
# Visual Studio Version 17
VisualStudioVersion = 17.14.36915.13 d17.14
MinimumVisualStudioVersion = 10.0.40219.1
Project("{FAE04EC0-301F-11D3-BF4B-00C04F79EFBC}") = "HRManagementSystem", "HRManagementSystem\HRManagementSystem.csproj", "{EE7DF6A4-F2E7-4217-BF29-9F3319DA8010}"
EndProject
Global
	GlobalSection(SolutionConfigurationPlatforms) = preSolution
		Debug|Any CPU = Debug|Any CPU
		Release|Any CPU = Release|Any CPU
	EndGlobalSection
	GlobalSection(ProjectConfigurationPlatforms) = postSolution
		{EE7DF6A4-F2E7-4217-BF29-9F3319DA8010}.Debug|Any CPU.ActiveCfg = Debug|Any CPU
		{EE7DF6A4-F2E7-4217-BF29-9F3319DA8010}.Debug|Any CPU.Build.0 = Debug|Any CPU
		{EE7DF6A4-F2E7-4217-BF29-9F3319DA8010}.Release|Any CPU.ActiveCfg = Release|Any CPU
		{EE7DF6A4-F2E7-4217-BF29-9F3319DA8010}.Release|Any CPU.Build.0 = Release|Any CPU
	EndGlobalSection
	GlobalSection(SolutionProperties) = preSolution
		HideSolutionNode = FALSE
	EndGlobalSection
	GlobalSection(ExtensibilityGlobals) = postSolution
		SolutionGuid = {4EC81B91-2357-43A7-B6B2-73CC8BF7A718}
	EndGlobalSection
EndGlobal
